// !$*UTF8*$!
{
	archiveVersion = 1;
	classes = {
	};
	objectVersion = 46;
	objects = {

/* Begin PBXBuildFile section */
		2D29A58AE58323BBE8B6D6BE /* libPods-EventtusTwitterClient.a in Frameworks */ = {isa = PBXBuildFile; fileRef = B1A35B15DEEFE31386F967C4 /* libPods-EventtusTwitterClient.a */; };
		49841773C05BD9DAAEBE86A8 /* libPods-EventtusTwitterClientTests.a in Frameworks */ = {isa = PBXBuildFile; fileRef = 84162F1CB728B27C651EE88B /* libPods-EventtusTwitterClientTests.a */; };
		A65D8C271D25C94000EC5ADC /* WebViewController.m in Sources */ = {isa = PBXBuildFile; fileRef = A65D8C261D25C94000EC5ADC /* WebViewController.m */; };
		A65D8C2A1D25F8D800EC5ADC /* userLoginCredential.m in Sources */ = {isa = PBXBuildFile; fileRef = A65D8C291D25F8D800EC5ADC /* userLoginCredential.m */; };
		A694467A1D25AB1400E45409 /* main.m in Sources */ = {isa = PBXBuildFile; fileRef = A69446791D25AB1400E45409 /* main.m */; };
		A694467D1D25AB1400E45409 /* AppDelegate.m in Sources */ = {isa = PBXBuildFile; fileRef = A694467C1D25AB1400E45409 /* AppDelegate.m */; };
		A69446801D25AB1400E45409 /* ViewController.m in Sources */ = {isa = PBXBuildFile; fileRef = A694467F1D25AB1400E45409 /* ViewController.m */; };
		A69446831D25AB1400E45409 /* Main.storyboard in Resources */ = {isa = PBXBuildFile; fileRef = A69446811D25AB1400E45409 /* Main.storyboard */; };
		A69446851D25AB1400E45409 /* Assets.xcassets in Resources */ = {isa = PBXBuildFile; fileRef = A69446841D25AB1400E45409 /* Assets.xcassets */; };
		A69446881D25AB1400E45409 /* LaunchScreen.storyboard in Resources */ = {isa = PBXBuildFile; fileRef = A69446861D25AB1400E45409 /* LaunchScreen.storyboard */; };
		A69446931D25AB1500E45409 /* EventtusTwitterClientTests.m in Sources */ = {isa = PBXBuildFile; fileRef = A69446921D25AB1500E45409 /* EventtusTwitterClientTests.m */; };
/* End PBXBuildFile section */

/* Begin PBXContainerItemProxy section */
		A694468F1D25AB1400E45409 /* PBXContainerItemProxy */ = {
			isa = PBXContainerItemProxy;
			containerPortal = A694466D1D25AB1400E45409 /* Project object */;
			proxyType = 1;
			remoteGlobalIDString = A69446741D25AB1400E45409;
			remoteInfo = EventtusTwitterClient;
		};
/* End PBXContainerItemProxy section */

/* Begin PBXFileReference section */
		0C0E56B66F8CB3BC14AF6E42 /* Pods-EventtusTwitterClientTests.release.xcconfig */ = {isa = PBXFileReference; includeInIndex = 1; lastKnownFileType = text.xcconfig; name = "Pods-EventtusTwitterClientTests.release.xcconfig"; path = "Pods/Target Support Files/Pods-EventtusTwitterClientTests/Pods-EventtusTwitterClientTests.release.xcconfig"; sourceTree = "<group>"; };
		2B13009B8B9701352274150B /* Pods-EventtusTwitterClient.debug.xcconfig */ = {isa = PBXFileReference; includeInIndex = 1; lastKnownFileType = text.xcconfig; name = "Pods-EventtusTwitterClient.debug.xcconfig"; path = "Pods/Target Support Files/Pods-EventtusTwitterClient/Pods-EventtusTwitterClient.debug.xcconfig"; sourceTree = "<group>"; };
		84162F1CB728B27C651EE88B /* libPods-EventtusTwitterClientTests.a */ = {isa = PBXFileReference; explicitFileType = archive.ar; includeInIndex = 0; path = "libPods-EventtusTwitterClientTests.a"; sourceTree = BUILT_PRODUCTS_DIR; };
		A65D8C251D25C94000EC5ADC /* WebViewController.h */ = {isa = PBXFileReference; fileEncoding = 4; lastKnownFileType = sourcecode.c.h; path = WebViewController.h; sourceTree = "<group>"; };
		A65D8C261D25C94000EC5ADC /* WebViewController.m */ = {isa = PBXFileReference; fileEncoding = 4; lastKnownFileType = sourcecode.c.objc; path = WebViewController.m; sourceTree = "<group>"; };
		A65D8C281D25F8D800EC5ADC /* userLoginCredential.h */ = {isa = PBXFileReference; fileEncoding = 4; lastKnownFileType = sourcecode.c.h; path = userLoginCredential.h; sourceTree = "<group>"; };
		A65D8C291D25F8D800EC5ADC /* userLoginCredential.m */ = {isa = PBXFileReference; fileEncoding = 4; lastKnownFileType = sourcecode.c.objc; path = userLoginCredential.m; sourceTree = "<group>"; };
		A69446751D25AB1400E45409 /* EventtusTwitterClient.app */ = {isa = PBXFileReference; explicitFileType = wrapper.application; includeInIndex = 0; path = EventtusTwitterClient.app; sourceTree = BUILT_PRODUCTS_DIR; };
		A69446791D25AB1400E45409 /* main.m */ = {isa = PBXFileReference; lastKnownFileType = sourcecode.c.objc; path = main.m; sourceTree = "<group>"; };
		A694467B1D25AB1400E45409 /* AppDelegate.h */ = {isa = PBXFileReference; lastKnownFileType = sourcecode.c.h; path = AppDelegate.h; sourceTree = "<group>"; };
		A694467C1D25AB1400E45409 /* AppDelegate.m */ = {isa = PBXFileReference; lastKnownFileType = sourcecode.c.objc; path = AppDelegate.m; sourceTree = "<group>"; };
		A694467E1D25AB1400E45409 /* ViewController.h */ = {isa = PBXFileReference; lastKnownFileType = sourcecode.c.h; path = ViewController.h; sourceTree = "<group>"; };
		A694467F1D25AB1400E45409 /* ViewController.m */ = {isa = PBXFileReference; lastKnownFileType = sourcecode.c.objc; path = ViewController.m; sourceTree = "<group>"; };
		A69446821D25AB1400E45409 /* Base */ = {isa = PBXFileReference; lastKnownFileType = file.storyboard; name = Base; path = Base.lproj/Main.storyboard; sourceTree = "<group>"; };
		A69446841D25AB1400E45409 /* Assets.xcassets */ = {isa = PBXFileReference; lastKnownFileType = folder.assetcatalog; path = Assets.xcassets; sourceTree = "<group>"; };
		A69446871D25AB1400E45409 /* Base */ = {isa = PBXFileReference; lastKnownFileType = file.storyboard; name = Base; path = Base.lproj/LaunchScreen.storyboard; sourceTree = "<group>"; };
		A69446891D25AB1400E45409 /* Info.plist */ = {isa = PBXFileReference; lastKnownFileType = text.plist.xml; path = Info.plist; sourceTree = "<group>"; };
		A694468E1D25AB1400E45409 /* EventtusTwitterClientTests.xctest */ = {isa = PBXFileReference; explicitFileType = wrapper.cfbundle; includeInIndex = 0; path = EventtusTwitterClientTests.xctest; sourceTree = BUILT_PRODUCTS_DIR; };
		A69446921D25AB1500E45409 /* EventtusTwitterClientTests.m */ = {isa = PBXFileReference; lastKnownFileType = sourcecode.c.objc; path = EventtusTwitterClientTests.m; sourceTree = "<group>"; };
		A69446941D25AB1500E45409 /* Info.plist */ = {isa = PBXFileReference; lastKnownFileType = text.plist.xml; path = Info.plist; sourceTree = "<group>"; };
		B1A35B15DEEFE31386F967C4 /* libPods-EventtusTwitterClient.a */ = {isa = PBXFileReference; explicitFileType = archive.ar; includeInIndex = 0; path = "libPods-EventtusTwitterClient.a"; sourceTree = BUILT_PRODUCTS_DIR; };
		DFCA7F829C8EEB1D2C9C3111 /* Pods-EventtusTwitterClient.release.xcconfig */ = {isa = PBXFileReference; includeInIndex = 1; lastKnownFileType = text.xcconfig; name = "Pods-EventtusTwitterClient.release.xcconfig"; path = "Pods/Target Support Files/Pods-EventtusTwitterClient/Pods-EventtusTwitterClient.release.xcconfig"; sourceTree = "<group>"; };
		E62ADD9DB728D942324155A6 /* Pods-EventtusTwitterClientTests.debug.xcconfig */ = {isa = PBXFileReference; includeInIndex = 1; lastKnownFileType = text.xcconfig; name = "Pods-EventtusTwitterClientTests.debug.xcconfig"; path = "Pods/Target Support Files/Pods-EventtusTwitterClientTests/Pods-EventtusTwitterClientTests.debug.xcconfig"; sourceTree = "<group>"; };
/* End PBXFileReference section */

/* Begin PBXFrameworksBuildPhase section */
		A69446721D25AB1400E45409 /* Frameworks */ = {
			isa = PBXFrameworksBuildPhase;
			buildActionMask = 2147483647;
			files = (
				2D29A58AE58323BBE8B6D6BE /* libPods-EventtusTwitterClient.a in Frameworks */,
			);
			runOnlyForDeploymentPostprocessing = 0;
		};
		A694468B1D25AB1400E45409 /* Frameworks */ = {
			isa = PBXFrameworksBuildPhase;
			buildActionMask = 2147483647;
			files = (
				49841773C05BD9DAAEBE86A8 /* libPods-EventtusTwitterClientTests.a in Frameworks */,
			);
			runOnlyForDeploymentPostprocessing = 0;
		};
/* End PBXFrameworksBuildPhase section */

/* Begin PBXGroup section */
		80906682509BC31ED8689654 /* Frameworks */ = {
			isa = PBXGroup;
			children = (
				B1A35B15DEEFE31386F967C4 /* libPods-EventtusTwitterClient.a */,
				84162F1CB728B27C651EE88B /* libPods-EventtusTwitterClientTests.a */,
			);
			name = Frameworks;
			sourceTree = "<group>";
		};
		A694466C1D25AB1400E45409 = {
			isa = PBXGroup;
			children = (
				A69446771D25AB1400E45409 /* EventtusTwitterClient */,
				A69446911D25AB1400E45409 /* EventtusTwitterClientTests */,
				A69446761D25AB1400E45409 /* Products */,
				C3FF646B6496E5DA3B61927A /* Pods */,
				80906682509BC31ED8689654 /* Frameworks */,
			);
			sourceTree = "<group>";
		};
		A69446761D25AB1400E45409 /* Products */ = {
			isa = PBXGroup;
			children = (
				A69446751D25AB1400E45409 /* EventtusTwitterClient.app */,
				A694468E1D25AB1400E45409 /* EventtusTwitterClientTests.xctest */,
			);
			name = Products;
			sourceTree = "<group>";
		};
		A69446771D25AB1400E45409 /* EventtusTwitterClient */ = {
			isa = PBXGroup;
			children = (
				A694467B1D25AB1400E45409 /* AppDelegate.h */,
				A694467C1D25AB1400E45409 /* AppDelegate.m */,
				A694467E1D25AB1400E45409 /* ViewController.h */,
				A694467F1D25AB1400E45409 /* ViewController.m */,
				A69446811D25AB1400E45409 /* Main.storyboard */,
				A69446841D25AB1400E45409 /* Assets.xcassets */,
				A69446861D25AB1400E45409 /* LaunchScreen.storyboard */,
				A69446891D25AB1400E45409 /* Info.plist */,
				A69446781D25AB1400E45409 /* Supporting Files */,
				A65D8C251D25C94000EC5ADC /* WebViewController.h */,
				A65D8C261D25C94000EC5ADC /* WebViewController.m */,
				A65D8C281D25F8D800EC5ADC /* userLoginCredential.h */,
				A65D8C291D25F8D800EC5ADC /* userLoginCredential.m */,
			);
			path = EventtusTwitterClient;
			sourceTree = "<group>";
		};
		A69446781D25AB1400E45409 /* Supporting Files */ = {
			isa = PBXGroup;
			children = (
				A69446791D25AB1400E45409 /* main.m */,
			);
			name = "Supporting Files";
			sourceTree = "<group>";
		};
		A69446911D25AB1400E45409 /* EventtusTwitterClientTests */ = {
			isa = PBXGroup;
			children = (
				A69446921D25AB1500E45409 /* EventtusTwitterClientTests.m */,
				A69446941D25AB1500E45409 /* Info.plist */,
			);
			path = EventtusTwitterClientTests;
			sourceTree = "<group>";
		};
		C3FF646B6496E5DA3B61927A /* Pods */ = {
			isa = PBXGroup;
			children = (
				2B13009B8B9701352274150B /* Pods-EventtusTwitterClient.debug.xcconfig */,
				DFCA7F829C8EEB1D2C9C3111 /* Pods-EventtusTwitterClient.release.xcconfig */,
				E62ADD9DB728D942324155A6 /* Pods-EventtusTwitterClientTests.debug.xcconfig */,
				0C0E56B66F8CB3BC14AF6E42 /* Pods-EventtusTwitterClientTests.release.xcconfig */,
			);
			name = Pods;
			sourceTree = "<group>";
		};
/* End PBXGroup section */

/* Begin PBXNativeTarget section */
		A69446741D25AB1400E45409 /* EventtusTwitterClient */ = {
			isa = PBXNativeTarget;
			buildConfigurationList = A69446971D25AB1500E45409 /* Build configuration list for PBXNativeTarget "EventtusTwitterClient" */;
			buildPhases = (
				2354D803FC593BC22CFEFEE7 /* 📦 Check Pods Manifest.lock */,
				A69446711D25AB1400E45409 /* Sources */,
				A69446721D25AB1400E45409 /* Frameworks */,
				A69446731D25AB1400E45409 /* Resources */,
				9CF19BE2DFF285EBBA0A084F /* 📦 Embed Pods Frameworks */,
				F19A4AD859F30C905C588801 /* 📦 Copy Pods Resources */,
			);
			buildRules = (
			);
			dependencies = (
			);
			name = EventtusTwitterClient;
			productName = EventtusTwitterClient;
			productReference = A69446751D25AB1400E45409 /* EventtusTwitterClient.app */;
			productType = "com.apple.product-type.application";
		};
		A694468D1D25AB1400E45409 /* EventtusTwitterClientTests */ = {
			isa = PBXNativeTarget;
			buildConfigurationList = A694469A1D25AB1500E45409 /* Build configuration list for PBXNativeTarget "EventtusTwitterClientTests" */;
			buildPhases = (
				80E5EBF8B21E46BF3AD8F03B /* 📦 Check Pods Manifest.lock */,
				A694468A1D25AB1400E45409 /* Sources */,
				A694468B1D25AB1400E45409 /* Frameworks */,
				A694468C1D25AB1400E45409 /* Resources */,
				B1F7D0FF06EDCC287DEE74D0 /* 📦 Embed Pods Frameworks */,
				9297BE6F03CE8F1AE86F78F5 /* 📦 Copy Pods Resources */,
			);
			buildRules = (
			);
			dependencies = (
				A69446901D25AB1400E45409 /* PBXTargetDependency */,
			);
			name = EventtusTwitterClientTests;
			productName = EventtusTwitterClientTests;
			productReference = A694468E1D25AB1400E45409 /* EventtusTwitterClientTests.xctest */;
			productType = "com.apple.product-type.bundle.unit-test";
		};
/* End PBXNativeTarget section */

/* Begin PBXProject section */
		A694466D1D25AB1400E45409 /* Project object */ = {
			isa = PBXProject;
			attributes = {
				LastUpgradeCheck = 0730;
				ORGANIZATIONNAME = "Hassan Gadou";
				TargetAttributes = {
					A69446741D25AB1400E45409 = {
						CreatedOnToolsVersion = 7.3.1;
					};
					A694468D1D25AB1400E45409 = {
						CreatedOnToolsVersion = 7.3.1;
						TestTargetID = A69446741D25AB1400E45409;
					};
				};
			};
			buildConfigurationList = A69446701D25AB1400E45409 /* Build configuration list for PBXProject "EventtusTwitterClient" */;
			compatibilityVersion = "Xcode 3.2";
			developmentRegion = English;
			hasScannedForEncodings = 0;
			knownRegions = (
				en,
				Base,
			);
			mainGroup = A694466C1D25AB1400E45409;
			productRefGroup = A69446761D25AB1400E45409 /* Products */;
			projectDirPath = "";
			projectRoot = "";
			targets = (
				A69446741D25AB1400E45409 /* EventtusTwitterClient */,
				A694468D1D25AB1400E45409 /* EventtusTwitterClientTests */,
			);
		};
/* End PBXProject section */

/* Begin PBXResourcesBuildPhase section */
		A69446731D25AB1400E45409 /* Resources */ = {
			isa = PBXResourcesBuildPhase;
			buildActionMask = 2147483647;
			files = (
				A69446881D25AB1400E45409 /* LaunchScreen.storyboard in Resources */,
				A69446851D25AB1400E45409 /* Assets.xcassets in Resources */,
				A69446831D25AB1400E45409 /* Main.storyboard in Resources */,
			);
			runOnlyForDeploymentPostprocessing = 0;
		};
		A694468C1D25AB1400E45409 /* Resources */ = {
			isa = PBXResourcesBuildPhase;
			buildActionMask = 2147483647;
			files = (
			);
			runOnlyForDeploymentPostprocessing = 0;
		};
/* End PBXResourcesBuildPhase section */

/* Begin PBXShellScriptBuildPhase section */
		2354D803FC593BC22CFEFEE7 /* 📦 Check Pods Manifest.lock */ = {
			isa = PBXShellScriptBuildPhase;
			buildActionMask = 2147483647;
			files = (
			);
			inputPaths = (
			);
			name = "📦 Check Pods Manifest.lock";
			outputPaths = (
			);
			runOnlyForDeploymentPostprocessing = 0;
			shellPath = /bin/sh;
			shellScript = "diff \"${PODS_ROOT}/../Podfile.lock\" \"${PODS_ROOT}/Manifest.lock\" > /dev/null\nif [[ $? != 0 ]] ; then\n    cat << EOM\nerror: The sandbox is not in sync with the Podfile.lock. Run 'pod install' or update your CocoaPods installation.\nEOM\n    exit 1\nfi\n";
			showEnvVarsInLog = 0;
		};
		80E5EBF8B21E46BF3AD8F03B /* 📦 Check Pods Manifest.lock */ = {
			isa = PBXShellScriptBuildPhase;
			buildActionMask = 2147483647;
			files = (
			);
			inputPaths = (
			);
			name = "📦 Check Pods Manifest.lock";
			outputPaths = (
			);
			runOnlyForDeploymentPostprocessing = 0;
			shellPath = /bin/sh;
			shellScript = "diff \"${PODS_ROOT}/../Podfile.lock\" \"${PODS_ROOT}/Manifest.lock\" > /dev/null\nif [[ $? != 0 ]] ; then\n    cat << EOM\nerror: The sandbox is not in sync with the Podfile.lock. Run 'pod install' or update your CocoaPods installation.\nEOM\n    exit 1\nfi\n";
			showEnvVarsInLog = 0;
		};
		9297BE6F03CE8F1AE86F78F5 /* 📦 Copy Pods Resources */ = {
			isa = PBXShellScriptBuildPhase;
			buildActionMask = 2147483647;
			files = (
			);
			inputPaths = (
			);
			name = "📦 Copy Pods Resources";
			outputPaths = (
			);
			runOnlyForDeploymentPostprocessing = 0;
			shellPath = /bin/sh;
			shellScript = "\"${SRCROOT}/Pods/Target Support Files/Pods-EventtusTwitterClientTests/Pods-EventtusTwitterClientTests-resources.sh\"\n";
			showEnvVarsInLog = 0;
		};
		9CF19BE2DFF285EBBA0A084F /* 📦 Embed Pods Frameworks */ = {
			isa = PBXShellScriptBuildPhase;
			buildActionMask = 2147483647;
			files = (
			);
			inputPaths = (
			);
			name = "📦 Embed Pods Frameworks";
			outputPaths = (
			);
			runOnlyForDeploymentPostprocessing = 0;
			shellPath = /bin/sh;
			shellScript = "\"${SRCROOT}/Pods/Target Support Files/Pods-EventtusTwitterClient/Pods-EventtusTwitterClient-frameworks.sh\"\n";
			showEnvVarsInLog = 0;
		};
		B1F7D0FF06EDCC287DEE74D0 /* 📦 Embed Pods Frameworks */ = {
			isa = PBXShellScriptBuildPhase;
			buildActionMask = 2147483647;
			files = (
			);
			inputPaths = (
			);
			name = "📦 Embed Pods Frameworks";
			outputPaths = (
			);
			runOnlyForDeploymentPostprocessing = 0;
			shellPath = /bin/sh;
			shellScript = "\"${SRCROOT}/Pods/Target Support Files/Pods-EventtusTwitterClientTests/Pods-EventtusTwitterClientTests-frameworks.sh\"\n";
			showEnvVarsInLog = 0;
		};
		F19A4AD859F30C905C588801 /* 📦 Copy Pods Resources */ = {
			isa = PBXShellScriptBuildPhase;
			buildActionMask = 2147483647;
			files = (
			);
			inputPaths = (
			);
			name = "📦 Copy Pods Resources";
			outputPaths = (
			);
			runOnlyForDeploymentPostprocessing = 0;
			shellPath = /bin/sh;
			shellScript = "\"${SRCROOT}/Pods/Target Support Files/Pods-EventtusTwitterClient/Pods-EventtusTwitterClient-resources.sh\"\n";
			showEnvVarsInLog = 0;
		};
/* End PBXShellScriptBuildPhase section */

/* Begin PBXSourcesBuildPhase section */
		A69446711D25AB1400E45409 /* Sources */ = {
			isa = PBXSourcesBuildPhase;
			buildActionMask = 2147483647;
			files = (
				A65D8C2A1D25F8D800EC5ADC /* userLoginCredential.m in Sources */,
				A69446801D25AB1400E45409 /* ViewController.m in Sources */,
				A694467D1D25AB1400E45409 /* AppDelegate.m in Sources */,
				A694467A1D25AB1400E45409 /* main.m in Sources */,
				A65D8C271D25C94000EC5ADC /* WebViewController.m in Sources */,
			);
			runOnlyForDeploymentPostprocessing = 0;
		};
		A694468A1D25AB1400E45409 /* Sources */ = {
			isa = PBXSourcesBuildPhase;
			buildActionMask = 2147483647;
			files = (
				A69446931D25AB1500E45409 /* EventtusTwitterClientTests.m in Sources */,
			);
			runOnlyForDeploymentPostprocessing = 0;
		};
/* End PBXSourcesBuildPhase section */

/* Begin PBXTargetDependency section */
		A69446901D25AB1400E45409 /* PBXTargetDependency */ = {
			isa = PBXTargetDependency;
			target = A69446741D25AB1400E45409 /* EventtusTwitterClient */;
			targetProxy = A694468F1D25AB1400E45409 /* PBXContainerItemProxy */;
		};
/* End PBXTargetDependency section */

/* Begin PBXVariantGroup section */
		A69446811D25AB1400E45409 /* Main.storyboard */ = {
			isa = PBXVariantGroup;
			children = (
				A69446821D25AB1400E45409 /* Base */,
			);
			name = Main.storyboard;
			sourceTree = "<group>";
		};
		A69446861D25AB1400E45409 /* LaunchScreen.storyboard */ = {
			isa = PBXVariantGroup;
			children = (
				A69446871D25AB1400E45409 /* Base */,
			);
			name = LaunchScreen.storyboard;
			sourceTree = "<group>";
		};
/* End PBXVariantGroup section */

/* Begin XCBuildConfiguration section */
		A69446951D25AB1500E45409 /* Debug */ = {
			isa = XCBuildConfiguration;
			buildSettings = {
				ALWAYS_SEARCH_USER_PATHS = NO;
				CLANG_ANALYZER_NONNULL = YES;
				CLANG_CXX_LANGUAGE_STANDARD = "gnu++0x";
				CLANG_CXX_LIBRARY = "libc++";
				CLANG_ENABLE_MODULES = YES;
				CLANG_ENABLE_OBJC_ARC = YES;
				CLANG_WARN_BOOL_CONVERSION = YES;
				CLANG_WARN_CONSTANT_CONVERSION = YES;
				CLANG_WARN_DIRECT_OBJC_ISA_USAGE = YES_ERROR;
				CLANG_WARN_EMPTY_BODY = YES;
				CLANG_WARN_ENUM_CONVERSION = YES;
				CLANG_WARN_INT_CONVERSION = YES;
				CLANG_WARN_OBJC_ROOT_CLASS = YES_ERROR;
				CLANG_WARN_UNREACHABLE_CODE = YES;
				CLANG_WARN__DUPLICATE_METHOD_MATCH = YES;
				"CODE_SIGN_IDENTITY[sdk=iphoneos*]" = "iPhone Developer";
				COPY_PHASE_STRIP = NO;
				DEBUG_INFORMATION_FORMAT = dwarf;
				ENABLE_STRICT_OBJC_MSGSEND = YES;
				ENABLE_TESTABILITY = YES;
				GCC_C_LANGUAGE_STANDARD = gnu99;
				GCC_DYNAMIC_NO_PIC = NO;
				GCC_NO_COMMON_BLOCKS = YES;
				GCC_OPTIMIZATION_LEVEL = 0;
				GCC_PREPROCESSOR_DEFINITIONS = (
					"DEBUG=1",
					"$(inherited)",
				);
				GCC_WARN_64_TO_32_BIT_CONVERSION = YES;
				GCC_WARN_ABOUT_RETURN_TYPE = YES_ERROR;
				GCC_WARN_UNDECLARED_SELECTOR = YES;
				GCC_WARN_UNINITIALIZED_AUTOS = YES_AGGRESSIVE;
				GCC_WARN_UNUSED_FUNCTION = YES;
				GCC_WARN_UNUSED_VARIABLE = YES;
				IPHONEOS_DEPLOYMENT_TARGET = 9.3;
				MTL_ENABLE_DEBUG_INFO = YES;
				ONLY_ACTIVE_ARCH = YES;
				SDKROOT = iphoneos;
			};
			name = Debug;
		};
		A69446961D25AB1500E45409 /* Release */ = {
			isa = XCBuildConfiguration;
			buildSettings = {
				ALWAYS_SEARCH_USER_PATHS = NO;
				CLANG_ANALYZER_NONNULL = YES;
				CLANG_CXX_LANGUAGE_STANDARD = "gnu++0x";
				CLANG_CXX_LIBRARY = "libc++";
				CLANG_ENABLE_MODULES = YES;
				CLANG_ENABLE_OBJC_ARC = YES;
				CLANG_WARN_BOOL_CONVERSION = YES;
				CLANG_WARN_CONSTANT_CONVERSION = YES;
				CLANG_WARN_DIRECT_OBJC_ISA_USAGE = YES_ERROR;
				CLANG_WARN_EMPTY_BODY = YES;
				CLANG_WARN_ENUM_CONVERSION = YES;
				CLANG_WARN_INT_CONVERSION = YES;
				CLANG_WARN_OBJC_ROOT_CLASS = YES_ERROR;
				CLANG_WARN_UNREACHABLE_CODE = YES;
				CLANG_WARN__DUPLICATE_METHOD_MATCH = YES;
				"CODE_SIGN_IDENTITY[sdk=iphoneos*]" = "iPhone Developer";
				COPY_PHASE_STRIP = NO;
				DEBUG_INFORMATION_FORMAT = "dwarf-with-dsym";
				ENABLE_NS_ASSERTIONS = NO;
				ENABLE_STRICT_OBJC_MSGSEND = YES;
				GCC_C_LANGUAGE_STANDARD = gnu99;
				GCC_NO_COMMON_BLOCKS = YES;
				GCC_WARN_64_TO_32_BIT_CONVERSION = YES;
				GCC_WARN_ABOUT_RETURN_TYPE = YES_ERROR;
				GCC_WARN_UNDECLARED_SELECTOR = YES;
				GCC_WARN_UNINITIALIZED_AUTOS = YES_AGGRESSIVE;
				GCC_WARN_UNUSED_FUNCTION = YES;
				GCC_WARN_UNUSED_VARIABLE = YES;
				IPHONEOS_DEPLOYMENT_TARGET = 9.3;
				MTL_ENABLE_DEBUG_INFO = NO;
				SDKROOT = iphoneos;
				VALIDATE_PRODUCT = YES;
			};
			name = Release;
		};
		A69446981D25AB1500E45409 /* Debug */ = {
			isa = XCBuildConfiguration;
			baseConfigurationReference = 2B13009B8B9701352274150B /* Pods-EventtusTwitterClient.debug.xcconfig */;
			buildSettings = {
				ASSETCATALOG_COMPILER_APPICON_NAME = AppIcon;
				INFOPLIST_FILE = EventtusTwitterClient/Info.plist;
				IPHONEOS_DEPLOYMENT_TARGET = 7.0;
				LD_RUNPATH_SEARCH_PATHS = "$(inherited) @executable_path/Frameworks";
				PRODUCT_BUNDLE_IDENTIFIER = com.gadou.EventtusTwitterClient;
				PRODUCT_NAME = "$(TARGET_NAME)";
			};
			name = Debug;
		};
		A69446991D25AB1500E45409 /* Release */ = {
			isa = XCBuildConfiguration;
			baseConfigurationReference = DFCA7F829C8EEB1D2C9C3111 /* Pods-EventtusTwitterClient.release.xcconfig */;
			buildSettings = {
				ASSETCATALOG_COMPILER_APPICON_NAME = AppIcon;
				INFOPLIST_FILE = EventtusTwitterClient/Info.plist;
				IPHONEOS_DEPLOYMENT_TARGET = 7.0;
				LD_RUNPATH_SEARCH_PATHS = "$(inherited) @executable_path/Frameworks";
				PRODUCT_BUNDLE_IDENTIFIER = com.gadou.EventtusTwitterClient;
				PRODUCT_NAME = "$(TARGET_NAME)";
			};
			name = Release;
		};
		A694469B1D25AB1500E45409 /* Debug */ = {
			isa = XCBuildConfiguration;
			baseConfigurationReference = E62ADD9DB728D942324155A6 /* Pods-EventtusTwitterClientTests.debug.xcconfig */;
			buildSettings = {
				BUNDLE_LOADER = "$(TEST_HOST)";
				INFOPLIST_FILE = EventtusTwitterClientTests/Info.plist;
				LD_RUNPATH_SEARCH_PATHS = "$(inherited) @executable_path/Frameworks @loader_path/Frameworks";
				PRODUCT_BUNDLE_IDENTIFIER = com.gadou.EventtusTwitterClientTests;
				PRODUCT_NAME = "$(TARGET_NAME)";
				TEST_HOST = "$(BUILT_PRODUCTS_DIR)/EventtusTwitterClient.app/EventtusTwitterClient";
			};
			name = Debug;
		};
		A694469C1D25AB1500E45409 /* Release */ = {
			isa = XCBuildConfiguration;
			baseConfigurationReference = 0C0E56B66F8CB3BC14AF6E42 /* Pods-EventtusTwitterClientTests.release.xcconfig */;
			buildSettings = {
				BUNDLE_LOADER = "$(TEST_HOST)";
				INFOPLIST_FILE = EventtusTwitterClientTests/Info.plist;
				LD_RUNPATH_SEARCH_PATHS = "$(inherited) @executable_path/Frameworks @loader_path/Frameworks";
				PRODUCT_BUNDLE_IDENTIFIER = com.gadou.EventtusTwitterClientTests;
				PRODUCT_NAME = "$(TARGET_NAME)";
				TEST_HOST = "$(BUILT_PRODUCTS_DIR)/EventtusTwitterClient.app/EventtusTwitterClient";
			};
			name = Release;
		};
/* End XCBuildConfiguration section */

/* Begin XCConfigurationList section */
		A69446701D25AB1400E45409 /* Build configuration list for PBXProject "EventtusTwitterClient" */ = {
			isa = XCConfigurationList;
			buildConfigurations = (
				A69446951D25AB1500E45409 /* Debug */,
				A69446961D25AB1500E45409 /* Release */,
			);
			defaultConfigurationIsVisible = 0;
			defaultConfigurationName = Release;
		};
		A69446971D25AB1500E45409 /* Build configuration list for PBXNativeTarget "EventtusTwitterClient" */ = {
			isa = XCConfigurationList;
			buildConfigurations = (
				A69446981D25AB1500E45409 /* Debug */,
				A69446991D25AB1500E45409 /* Release */,
			);
			defaultConfigurationIsVisible = 0;
			defaultConfigurationName = Release;
		};
		A694469A1D25AB1500E45409 /* Build configuration list for PBXNativeTarget "EventtusTwitterClientTests" */ = {
			isa = XCConfigurationList;
			buildConfigurations = (
				A694469B1D25AB1500E45409 /* Debug */,
				A694469C1D25AB1500E45409 /* Release */,
			);
			defaultConfigurationIsVisible = 0;
			defaultConfigurationName = Release;
		};
/* End XCConfigurationList section */
	};
	rootObject = A694466D1D25AB1400E45409 /* Project object */;
}
